
Microsoft Visual Studio Solution File, Format Version 12.00
# Visual Studio Version 17
VisualStudioVersion = 17.7.34024.191
MinimumVisualStudioVersion = 10.0.40219.1
Project("{888888A0-9F3D-457C-B088-3A5042F75D52}") = "TelegramBot", "TelegramBot.pyproj", "{DEF1D8F8-8435-4862-8163-80F06769D150}"
EndProject
Global
	GlobalSection(SolutionConfigurationPlatforms) = preSolution
		Debug|Any CPU = Debug|Any CPU
		Release|Any CPU = Release|Any CPU
	EndGlobalSection
	GlobalSection(ProjectConfigurationPlatforms) = postSolution
		{DEF1D8F8-8435-4862-8163-80F06769D150}.Debug|Any CPU.ActiveCfg = Debug|Any CPU
		{DEF1D8F8-8435-4862-8163-80F06769D150}.Release|Any CPU.ActiveCfg = Release|Any CPU
	EndGlobalSection
	GlobalSection(SolutionProperties) = preSolution
		HideSolutionNode = FALSE
	EndGlobalSection
	GlobalSection(ExtensibilityGlobals) = postSolution
		SolutionGuid = {E387D4AF-E4FF-48C2-8736-0CB7CEFEE6F0}
	EndGlobalSection
EndGlobal
